
Microsoft Visual Studio Solution File, Format Version 12.00
Project("{FAE04EC0-301F-11D3-BF4B-00C04F79EFBC}") = "ClickMaker", "ClickMaker\ClickMaker.csproj", "{50531904-1FFB-45E9-BBD2-F6A2560B15AF}"
EndProject
Global
	GlobalSection(SolutionConfigurationPlatforms) = preSolution
		Debug|Any CPU = Debug|Any CPU
		Release|Any CPU = Release|Any CPU
	EndGlobalSection
	GlobalSection(ProjectConfigurationPlatforms) = postSolution
		{50531904-1FFB-45E9-BBD2-F6A2560B15AF}.Debug|Any CPU.ActiveCfg = Debug|Any CPU
		{50531904-1FFB-45E9-BBD2-F6A2560B15AF}.Debug|Any CPU.Build.0 = Debug|Any CPU
		{50531904-1FFB-45E9-BBD2-F6A2560B15AF}.Release|Any CPU.ActiveCfg = Release|Any CPU
		{50531904-1FFB-45E9-BBD2-F6A2560B15AF}.Release|Any CPU.Build.0 = Release|Any CPU
	EndGlobalSection
EndGlobal
